
Microsoft Visual Studio Solution File, Format Version 12.00
# Visual Studio Version 16
VisualStudioVersion = 16.0.31702.278
MinimumVisualStudioVersion = 10.0.40219.1
Project("{FAE04EC0-301F-11D3-BF4B-00C04F79EFBC}") = "WpfApp6", "WpfApp6\WpfApp6.csproj", "{57E753A1-355F-44CE-8986-EDFAB2B60526}"
EndProject
Global
	GlobalSection(SolutionConfigurationPlatforms) = preSolution
		Debug|Any CPU = Debug|Any CPU
		Release|Any CPU = Release|Any CPU
	EndGlobalSection
	GlobalSection(ProjectConfigurationPlatforms) = postSolution
		{57E753A1-355F-44CE-8986-EDFAB2B60526}.Debug|Any CPU.ActiveCfg = Debug|Any CPU
		{57E753A1-355F-44CE-8986-EDFAB2B60526}.Debug|Any CPU.Build.0 = Debug|Any CPU
		{57E753A1-355F-44CE-8986-EDFAB2B60526}.Release|Any CPU.ActiveCfg = Release|Any CPU
		{57E753A1-355F-44CE-8986-EDFAB2B60526}.Release|Any CPU.Build.0 = Release|Any CPU
	EndGlobalSection
	GlobalSection(SolutionProperties) = preSolution
		HideSolutionNode = FALSE
	EndGlobalSection
	GlobalSection(ExtensibilityGlobals) = postSolution
		SolutionGuid = {4423B012-45A1-4257-9213-4B46BEB43E19}
	EndGlobalSection
EndGlobal
